
Microsoft Visual Studio Solution File, Format Version 12.00
# Visual Studio Version 17
VisualStudioVersion = 17.0.31903.59
MinimumVisualStudioVersion = 10.0.40219.1
Project("{2150E333-8FDC-42A3-9474-1A3956D46DE8}") = "src", "src", "{827E0CD3-B72D-47B6-A68D-7590B98EB39B}"
EndProject
Project("{2150E333-8FDC-42A3-9474-1A3956D46DE8}") = "Domain", "Domain", "{8B290487-4C16-E85E-E807-F579CBE9FC4D}"
EndProject
Project("{FAE04EC0-301F-11D3-BF4B-00C04F79EFBC}") = "TherapEase.Domain", "src\Domain\TherapEase.Domain.csproj", "{DDFB6BCD-C7E0-4DFE-BEC0-493C687E8160}"
EndProject
Project("{2150E333-8FDC-42A3-9474-1A3956D46DE8}") = "Application", "Application", "{22BAF98C-8415-17C4-B26A-D537657BC863}"
EndProject
Project("{FAE04EC0-301F-11D3-BF4B-00C04F79EFBC}") = "TherapEase.Application", "src\Application\TherapEase.Application.csproj", "{39AC3328-B1B1-4DC7-9082-CD9CF5C11EE2}"
EndProject
Project("{2150E333-8FDC-42A3-9474-1A3956D46DE8}") = "Infrastructure", "Infrastructure", "{9048EB7F-3875-A59E-E36B-5BD4C6F2A282}"
EndProject
Project("{FAE04EC0-301F-11D3-BF4B-00C04F79EFBC}") = "TherapEase.Infrastructure", "src\Infrastructure\TherapEase.Infrastructure.csproj", "{5B72B410-777B-4166-8863-0A1CA8A6AE9F}"
EndProject
Project("{2150E333-8FDC-42A3-9474-1A3956D46DE8}") = "Web", "Web", "{03997797-E7F5-0643-168D-B8EA7178C2FE}"
EndProject
Project("{FAE04EC0-301F-11D3-BF4B-00C04F79EFBC}") = "TherapEase.Web", "src\Web\TherapEase.Web.csproj", "{EA6B9F21-2E4E-4EF0-B88D-DDB582DB2312}"
EndProject
Project("{2150E333-8FDC-42A3-9474-1A3956D46DE8}") = "tests", "tests", "{0AB3BF05-4346-4AA6-1389-037BE0695223}"
EndProject
Project("{FAE04EC0-301F-11D3-BF4B-00C04F79EFBC}") = "TherapEase.UnitTests", "tests\TherapEase.UnitTests\TherapEase.UnitTests.csproj", "{6AA39F14-9FB6-49D7-B6DE-389A8F44FA6A}"
EndProject
Project("{FAE04EC0-301F-11D3-BF4B-00C04F79EFBC}") = "TherapEase.IntegrationTests", "tests\TherapEase.IntegrationTests\TherapEase.IntegrationTests.csproj", "{49E2CF52-9F66-4E9B-A4F8-72BF17FBD9F1}"
EndProject
Project("{FAE04EC0-301F-11D3-BF4B-00C04F79EFBC}") = "TherapEase.E2ETests", "tests\TherapEase.E2ETests\TherapEase.E2ETests.csproj", "{DD9C21DD-0407-49EB-9AE5-C4B5B9ADD815}"
EndProject
Global
	GlobalSection(SolutionConfigurationPlatforms) = preSolution
		Debug|Any CPU = Debug|Any CPU
		Debug|x64 = Debug|x64
		Debug|x86 = Debug|x86
		Release|Any CPU = Release|Any CPU
		Release|x64 = Release|x64
		Release|x86 = Release|x86
	EndGlobalSection
	GlobalSection(ProjectConfigurationPlatforms) = postSolution
		{DDFB6BCD-C7E0-4DFE-BEC0-493C687E8160}.Debug|Any CPU.ActiveCfg = Debug|Any CPU
		{DDFB6BCD-C7E0-4DFE-BEC0-493C687E8160}.Debug|Any CPU.Build.0 = Debug|Any CPU
		{DDFB6BCD-C7E0-4DFE-BEC0-493C687E8160}.Debug|x64.ActiveCfg = Debug|Any CPU
		{DDFB6BCD-C7E0-4DFE-BEC0-493C687E8160}.Debug|x64.Build.0 = Debug|Any CPU
		{DDFB6BCD-C7E0-4DFE-BEC0-493C687E8160}.Debug|x86.ActiveCfg = Debug|Any CPU
		{DDFB6BCD-C7E0-4DFE-BEC0-493C687E8160}.Debug|x86.Build.0 = Debug|Any CPU
		{DDFB6BCD-C7E0-4DFE-BEC0-493C687E8160}.Release|Any CPU.ActiveCfg = Release|Any CPU
		{DDFB6BCD-C7E0-4DFE-BEC0-493C687E8160}.Release|Any CPU.Build.0 = Release|Any CPU
		{DDFB6BCD-C7E0-4DFE-BEC0-493C687E8160}.Release|x64.ActiveCfg = Release|Any CPU
		{DDFB6BCD-C7E0-4DFE-BEC0-493C687E8160}.Release|x64.Build.0 = Release|Any CPU
		{DDFB6BCD-C7E0-4DFE-BEC0-493C687E8160}.Release|x86.ActiveCfg = Release|Any CPU
		{DDFB6BCD-C7E0-4DFE-BEC0-493C687E8160}.Release|x86.Build.0 = Release|Any CPU
		{39AC3328-B1B1-4DC7-9082-CD9CF5C11EE2}.Debug|Any CPU.ActiveCfg = Debug|Any CPU
		{39AC3328-B1B1-4DC7-9082-CD9CF5C11EE2}.Debug|Any CPU.Build.0 = Debug|Any CPU
		{39AC3328-B1B1-4DC7-9082-CD9CF5C11EE2}.Debug|x64.ActiveCfg = Debug|Any CPU
		{39AC3328-B1B1-4DC7-9082-CD9CF5C11EE2}.Debug|x64.Build.0 = Debug|Any CPU
		{39AC3328-B1B1-4DC7-9082-CD9CF5C11EE2}.Debug|x86.ActiveCfg = Debug|Any CPU
		{39AC3328-B1B1-4DC7-9082-CD9CF5C11EE2}.Debug|x86.Build.0 = Debug|Any CPU
		{39AC3328-B1B1-4DC7-9082-CD9CF5C11EE2}.Release|Any CPU.ActiveCfg = Release|Any CPU
		{39AC3328-B1B1-4DC7-9082-CD9CF5C11EE2}.Release|Any CPU.Build.0 = Release|Any CPU
		{39AC3328-B1B1-4DC7-9082-CD9CF5C11EE2}.Release|x64.ActiveCfg = Release|Any CPU
		{39AC3328-B1B1-4DC7-9082-CD9CF5C11EE2}.Release|x64.Build.0 = Release|Any CPU
		{39AC3328-B1B1-4DC7-9082-CD9CF5C11EE2}.Release|x86.ActiveCfg = Release|Any CPU
		{39AC3328-B1B1-4DC7-9082-CD9CF5C11EE2}.Release|x86.Build.0 = Release|Any CPU
		{5B72B410-777B-4166-8863-0A1CA8A6AE9F}.Debug|Any CPU.ActiveCfg = Debug|Any CPU
		{5B72B410-777B-4166-8863-0A1CA8A6AE9F}.Debug|Any CPU.Build.0 = Debug|Any CPU
		{5B72B410-777B-4166-8863-0A1CA8A6AE9F}.Debug|x64.ActiveCfg = Debug|Any CPU
		{5B72B410-777B-4166-8863-0A1CA8A6AE9F}.Debug|x64.Build.0 = Debug|Any CPU
		{5B72B410-777B-4166-8863-0A1CA8A6AE9F}.Debug|x86.ActiveCfg = Debug|Any CPU
		{5B72B410-777B-4166-8863-0A1CA8A6AE9F}.Debug|x86.Build.0 = Debug|Any CPU
		{5B72B410-777B-4166-8863-0A1CA8A6AE9F}.Release|Any CPU.ActiveCfg = Release|Any CPU
		{5B72B410-777B-4166-8863-0A1CA8A6AE9F}.Release|Any CPU.Build.0 = Release|Any CPU
		{5B72B410-777B-4166-8863-0A1CA8A6AE9F}.Release|x64.ActiveCfg = Release|Any CPU
		{5B72B410-777B-4166-8863-0A1CA8A6AE9F}.Release|x64.Build.0 = Release|Any CPU
		{5B72B410-777B-4166-8863-0A1CA8A6AE9F}.Release|x86.ActiveCfg = Release|Any CPU
		{5B72B410-777B-4166-8863-0A1CA8A6AE9F}.Release|x86.Build.0 = Release|Any CPU
		{EA6B9F21-2E4E-4EF0-B88D-DDB582DB2312}.Debug|Any CPU.ActiveCfg = Debug|Any CPU
		{EA6B9F21-2E4E-4EF0-B88D-DDB582DB2312}.Debug|Any CPU.Build.0 = Debug|Any CPU
		{EA6B9F21-2E4E-4EF0-B88D-DDB582DB2312}.Debug|x64.ActiveCfg = Debug|Any CPU
		{EA6B9F21-2E4E-4EF0-B88D-DDB582DB2312}.Debug|x64.Build.0 = Debug|Any CPU
		{EA6B9F21-2E4E-4EF0-B88D-DDB582DB2312}.Debug|x86.ActiveCfg = Debug|Any CPU
		{EA6B9F21-2E4E-4EF0-B88D-DDB582DB2312}.Debug|x86.Build.0 = Debug|Any CPU
		{EA6B9F21-2E4E-4EF0-B88D-DDB582DB2312}.Release|Any CPU.ActiveCfg = Release|Any CPU
		{EA6B9F21-2E4E-4EF0-B88D-DDB582DB2312}.Release|Any CPU.Build.0 = Release|Any CPU
		{EA6B9F21-2E4E-4EF0-B88D-DDB582DB2312}.Release|x64.ActiveCfg = Release|Any CPU
		{EA6B9F21-2E4E-4EF0-B88D-DDB582DB2312}.Release|x64.Build.0 = Release|Any CPU
		{EA6B9F21-2E4E-4EF0-B88D-DDB582DB2312}.Release|x86.ActiveCfg = Release|Any CPU
		{EA6B9F21-2E4E-4EF0-B88D-DDB582DB2312}.Release|x86.Build.0 = Release|Any CPU
		{6AA39F14-9FB6-49D7-B6DE-389A8F44FA6A}.Debug|Any CPU.ActiveCfg = Debug|Any CPU
		{6AA39F14-9FB6-49D7-B6DE-389A8F44FA6A}.Debug|Any CPU.Build.0 = Debug|Any CPU
		{6AA39F14-9FB6-49D7-B6DE-389A8F44FA6A}.Debug|x64.ActiveCfg = Debug|Any CPU
		{6AA39F14-9FB6-49D7-B6DE-389A8F44FA6A}.Debug|x64.Build.0 = Debug|Any CPU
		{6AA39F14-9FB6-49D7-B6DE-389A8F44FA6A}.Debug|x86.ActiveCfg = Debug|Any CPU
		{6AA39F14-9FB6-49D7-B6DE-389A8F44FA6A}.Debug|x86.Build.0 = Debug|Any CPU
		{6AA39F14-9FB6-49D7-B6DE-389A8F44FA6A}.Release|Any CPU.ActiveCfg = Release|Any CPU
		{6AA39F14-9FB6-49D7-B6DE-389A8F44FA6A}.Release|Any CPU.Build.0 = Release|Any CPU
		{6AA39F14-9FB6-49D7-B6DE-389A8F44FA6A}.Release|x64.ActiveCfg = Release|Any CPU
		{6AA39F14-9FB6-49D7-B6DE-389A8F44FA6A}.Release|x64.Build.0 = Release|Any CPU
		{6AA39F14-9FB6-49D7-B6DE-389A8F44FA6A}.Release|x86.ActiveCfg = Release|Any CPU
		{6AA39F14-9FB6-49D7-B6DE-389A8F44FA6A}.Release|x86.Build.0 = Release|Any CPU
		{49E2CF52-9F66-4E9B-A4F8-72BF17FBD9F1}.Debug|Any CPU.ActiveCfg = Debug|Any CPU
		{49E2CF52-9F66-4E9B-A4F8-72BF17FBD9F1}.Debug|Any CPU.Build.0 = Debug|Any CPU
		{49E2CF52-9F66-4E9B-A4F8-72BF17FBD9F1}.Debug|x64.ActiveCfg = Debug|Any CPU
		{49E2CF52-9F66-4E9B-A4F8-72BF17FBD9F1}.Debug|x64.Build.0 = Debug|Any CPU
		{49E2CF52-9F66-4E9B-A4F8-72BF17FBD9F1}.Debug|x86.ActiveCfg = Debug|Any CPU
		{49E2CF52-9F66-4E9B-A4F8-72BF17FBD9F1}.Debug|x86.Build.0 = Debug|Any CPU
		{49E2CF52-9F66-4E9B-A4F8-72BF17FBD9F1}.Release|Any CPU.ActiveCfg = Release|Any CPU
		{49E2CF52-9F66-4E9B-A4F8-72BF17FBD9F1}.Release|Any CPU.Build.0 = Release|Any CPU
		{49E2CF52-9F66-4E9B-A4F8-72BF17FBD9F1}.Release|x64.ActiveCfg = Release|Any CPU
		{49E2CF52-9F66-4E9B-A4F8-72BF17FBD9F1}.Release|x64.Build.0 = Release|Any CPU
		{49E2CF52-9F66-4E9B-A4F8-72BF17FBD9F1}.Release|x86.ActiveCfg = Release|Any CPU
		{49E2CF52-9F66-4E9B-A4F8-72BF17FBD9F1}.Release|x86.Build.0 = Release|Any CPU
		{DD9C21DD-0407-49EB-9AE5-C4B5B9ADD815}.Debug|Any CPU.ActiveCfg = Debug|Any CPU
		{DD9C21DD-0407-49EB-9AE5-C4B5B9ADD815}.Debug|Any CPU.Build.0 = Debug|Any CPU
		{DD9C21DD-0407-49EB-9AE5-C4B5B9ADD815}.Debug|x64.ActiveCfg = Debug|Any CPU
		{DD9C21DD-0407-49EB-9AE5-C4B5B9ADD815}.Debug|x64.Build.0 = Debug|Any CPU
		{DD9C21DD-0407-49EB-9AE5-C4B5B9ADD815}.Debug|x86.ActiveCfg = Debug|Any CPU
		{DD9C21DD-0407-49EB-9AE5-C4B5B9ADD815}.Debug|x86.Build.0 = Debug|Any CPU
		{DD9C21DD-0407-49EB-9AE5-C4B5B9ADD815}.Release|Any CPU.ActiveCfg = Release|Any CPU
		{DD9C21DD-0407-49EB-9AE5-C4B5B9ADD815}.Release|Any CPU.Build.0 = Release|Any CPU
		{DD9C21DD-0407-49EB-9AE5-C4B5B9ADD815}.Release|x64.ActiveCfg = Release|Any CPU
		{DD9C21DD-0407-49EB-9AE5-C4B5B9ADD815}.Release|x64.Build.0 = Release|Any CPU
		{DD9C21DD-0407-49EB-9AE5-C4B5B9ADD815}.Release|x86.ActiveCfg = Release|Any CPU
		{DD9C21DD-0407-49EB-9AE5-C4B5B9ADD815}.Release|x86.Build.0 = Release|Any CPU
	EndGlobalSection
	GlobalSection(SolutionProperties) = preSolution
		HideSolutionNode = FALSE
	EndGlobalSection
	GlobalSection(NestedProjects) = preSolution
		{8B290487-4C16-E85E-E807-F579CBE9FC4D} = {827E0CD3-B72D-47B6-A68D-7590B98EB39B}
		{DDFB6BCD-C7E0-4DFE-BEC0-493C687E8160} = {8B290487-4C16-E85E-E807-F579CBE9FC4D}
		{22BAF98C-8415-17C4-B26A-D537657BC863} = {827E0CD3-B72D-47B6-A68D-7590B98EB39B}
		{39AC3328-B1B1-4DC7-9082-CD9CF5C11EE2} = {22BAF98C-8415-17C4-B26A-D537657BC863}
		{9048EB7F-3875-A59E-E36B-5BD4C6F2A282} = {827E0CD3-B72D-47B6-A68D-7590B98EB39B}
		{5B72B410-777B-4166-8863-0A1CA8A6AE9F} = {9048EB7F-3875-A59E-E36B-5BD4C6F2A282}
		{03997797-E7F5-0643-168D-B8EA7178C2FE} = {827E0CD3-B72D-47B6-A68D-7590B98EB39B}
		{EA6B9F21-2E4E-4EF0-B88D-DDB582DB2312} = {03997797-E7F5-0643-168D-B8EA7178C2FE}
		{6AA39F14-9FB6-49D7-B6DE-389A8F44FA6A} = {0AB3BF05-4346-4AA6-1389-037BE0695223}
		{49E2CF52-9F66-4E9B-A4F8-72BF17FBD9F1} = {0AB3BF05-4346-4AA6-1389-037BE0695223}
		{DD9C21DD-0407-49EB-9AE5-C4B5B9ADD815} = {0AB3BF05-4346-4AA6-1389-037BE0695223}
	EndGlobalSection
EndGlobal
